
Microsoft Visual Studio Solution File, Format Version 12.00
# Visual Studio Version 17
VisualStudioVersion = 17.4.33122.133
MinimumVisualStudioVersion = 10.0.40219.1
Project("{FAE04EC0-301F-11D3-BF4B-00C04F79EFBC}") = "kino", "kino.csproj", "{DAD27B1E-5F17-44B7-B33A-D521ED7350D6}"
EndProject
Global
	GlobalSection(SolutionConfigurationPlatforms) = preSolution
		Debug|Any CPU = Debug|Any CPU
		Release|Any CPU = Release|Any CPU
	EndGlobalSection
	GlobalSection(ProjectConfigurationPlatforms) = postSolution
		{DAD27B1E-5F17-44B7-B33A-D521ED7350D6}.Debug|Any CPU.ActiveCfg = Debug|Any CPU
		{DAD27B1E-5F17-44B7-B33A-D521ED7350D6}.Debug|Any CPU.Build.0 = Debug|Any CPU
		{DAD27B1E-5F17-44B7-B33A-D521ED7350D6}.Release|Any CPU.ActiveCfg = Release|Any CPU
		{DAD27B1E-5F17-44B7-B33A-D521ED7350D6}.Release|Any CPU.Build.0 = Release|Any CPU
	EndGlobalSection
	GlobalSection(SolutionProperties) = preSolution
		HideSolutionNode = FALSE
	EndGlobalSection
	GlobalSection(ExtensibilityGlobals) = postSolution
		SolutionGuid = {01AA0024-D7A6-4D49-922E-7CFB3E195521}
	EndGlobalSection
EndGlobal
